<?xml version="1.0" encoding="UTF-8" standalone="yes" ?>
<CodeBlocks_project_file>
	<FileVersion major="1" minor="6" />
	<Project>
		<Option title="Test" />
		<Option pch_mode="2" />
		<Option compiler="gcc" />
		<Build>
			<Target title="Debug Win32">
				<Option output="Test" prefix_auto="1" extension_auto="1" />
				<Option object_output="Debug" />
				<Option type="1" />
				<Option compiler="gcc" />
				<Compiler>
					<Add option="-Wall" />
					<Add option="-O0" />
					<Add option="-frtti" />
					<Add option="-DWIN32" />
					<Add option="-D_DEBUG" />
					<Add option="-D_CONSOLE" />
					<Add directory="..\..\..\Lib" />
				</Compiler>
				<ResourceCompiler>
					<Add directory="..\..\..\Lib" />
				</ResourceCompiler>
				<Linker>
					<Add library="..\..\Core\Debug\lib.a" />
					<Add library="..\..\WCL\Debug\lib.a" />
					<Add library="..\Debug\lib.a" />
				</Linker>
			</Target>
			<Target title="Release Win32">
				<Option output="Test" prefix_auto="1" extension_auto="1" />
				<Option object_output="Release" />
				<Option type="1" />
				<Option compiler="gcc" />
				<Compiler>
					<Add option="-Wall" />
					<Add option="-frtti" />
					<Add option="-DWIN32" />
					<Add option="-DNDEBUG" />
					<Add option="-D_CONSOLE" />
					<Add directory="..\..\..\Lib" />
				</Compiler>
				<ResourceCompiler>
					<Add directory="..\..\..\Lib" />
				</ResourceCompiler>
				<Linker>
					<Add library="..\..\Core\Release\lib.a" />
					<Add library="..\..\WCL\Release\lib.a" />
					<Add library="..\Release\lib.a" />
				</Linker>
			</Target>
		</Build>
		<Unit filename="Test.cpp" />
		<Unit filename="Test.rc">
			<Option compilerVar="WINDRES" />
		</Unit>
		<Unit filename="TestClassFactory.cpp" />
		<Unit filename="TestClasses.hpp" />
		<Unit filename="TestComUtils.cpp" />
		<Unit filename="TestErrorInfo.cpp" />
		<Unit filename="TestInprocServer.cpp" />
		<Unit filename="TestObjectBase.cpp" />
		<Unit filename="resource.h" />
		<Unit filename="stdafx.cpp" />
		<Unit filename="stdafx.h" />
		<Extensions>
			<code_completion />
			<debugger />
		</Extensions>
	</Project>
</CodeBlocks_project_file>
